
Microsoft Visual Studio Solution File, Format Version 12.00
# Visual Studio 14
VisualStudioVersion = 14.0.23107.0
MinimumVisualStudioVersion = 10.0.40219.1
Project("{8BC9CEB8-8B4A-11D0-8D11-00A0C91BC942}") = "MultiplicationGame", "MultiplicationGame\MultiplicationGame.vcxproj", "{CB28413E-35DA-452A-AB4A-288A2017660A}"
EndProject
Project("{8BC9CEB8-8B4A-11D0-8D11-00A0C91BC942}") = "Test", "Test\Test.vcxproj", "{BC3DA7F2-C777-420A-BCD3-9CC57FEB5995}"
EndProject
Global
	GlobalSection(SolutionConfigurationPlatforms) = preSolution
		Debug|x64 = Debug|x64
		Debug|x86 = Debug|x86
		Release|x64 = Release|x64
		Release|x86 = Release|x86
	EndGlobalSection
	GlobalSection(ProjectConfigurationPlatforms) = postSolution
		{CB28413E-35DA-452A-AB4A-288A2017660A}.Debug|x64.ActiveCfg = Debug|x64
		{CB28413E-35DA-452A-AB4A-288A2017660A}.Debug|x64.Build.0 = Debug|x64
		{CB28413E-35DA-452A-AB4A-288A2017660A}.Debug|x86.ActiveCfg = Debug|Win32
		{CB28413E-35DA-452A-AB4A-288A2017660A}.Debug|x86.Build.0 = Debug|Win32
		{CB28413E-35DA-452A-AB4A-288A2017660A}.Release|x64.ActiveCfg = Release|x64
		{CB28413E-35DA-452A-AB4A-288A2017660A}.Release|x64.Build.0 = Release|x64
		{CB28413E-35DA-452A-AB4A-288A2017660A}.Release|x86.ActiveCfg = Release|Win32
		{CB28413E-35DA-452A-AB4A-288A2017660A}.Release|x86.Build.0 = Release|Win32
		{BC3DA7F2-C777-420A-BCD3-9CC57FEB5995}.Debug|x64.ActiveCfg = Debug|x64
		{BC3DA7F2-C777-420A-BCD3-9CC57FEB5995}.Debug|x64.Build.0 = Debug|x64
		{BC3DA7F2-C777-420A-BCD3-9CC57FEB5995}.Debug|x86.ActiveCfg = Debug|Win32
		{BC3DA7F2-C777-420A-BCD3-9CC57FEB5995}.Debug|x86.Build.0 = Debug|Win32
		{BC3DA7F2-C777-420A-BCD3-9CC57FEB5995}.Release|x64.ActiveCfg = Release|x64
		{BC3DA7F2-C777-420A-BCD3-9CC57FEB5995}.Release|x64.Build.0 = Release|x64
		{BC3DA7F2-C777-420A-BCD3-9CC57FEB5995}.Release|x86.ActiveCfg = Release|Win32
		{BC3DA7F2-C777-420A-BCD3-9CC57FEB5995}.Release|x86.Build.0 = Release|Win32
	EndGlobalSection
	GlobalSection(SolutionProperties) = preSolution
		HideSolutionNode = FALSE
	EndGlobalSection
EndGlobal
